
Microsoft Visual Studio Solution File, Format Version 12.00
# Visual Studio 2015
Project("{FAE04EC0-301F-11D3-BF4B-00C04F79EFBC}") = "VR PROJECT MAP.CSharp.Plugins", "VR PROJECT MAP.CSharp.Plugins.csproj", "{ABA975B8-785D-B00A-F4CC-DF486AE7A263}"
EndProject
Project("{FAE04EC0-301F-11D3-BF4B-00C04F79EFBC}") = "VR PROJECT MAP.CSharp", "VR PROJECT MAP.CSharp.csproj", "{6A8434DB-DC7E-CC99-F025-2C353842534D}"
EndProject
Project("{FAE04EC0-301F-11D3-BF4B-00C04F79EFBC}") = "VR PROJECT MAP.CSharp.Editor", "VR PROJECT MAP.CSharp.Editor.csproj", "{671414EA-7AFC-19AD-D41D-0331573FF78C}"
EndProject
Global
	GlobalSection(SolutionConfigurationPlatforms) = preSolution
		Debug|Any CPU = Debug|Any CPU
		Release|Any CPU = Release|Any CPU
	EndGlobalSection
	GlobalSection(ProjectConfigurationPlatforms) = postSolution
		{ABA975B8-785D-B00A-F4CC-DF486AE7A263}.Debug|Any CPU.ActiveCfg = Debug|Any CPU
		{ABA975B8-785D-B00A-F4CC-DF486AE7A263}.Debug|Any CPU.Build.0 = Debug|Any CPU
		{ABA975B8-785D-B00A-F4CC-DF486AE7A263}.Release|Any CPU.ActiveCfg = Release|Any CPU
		{ABA975B8-785D-B00A-F4CC-DF486AE7A263}.Release|Any CPU.Build.0 = Release|Any CPU
		{6A8434DB-DC7E-CC99-F025-2C353842534D}.Debug|Any CPU.ActiveCfg = Debug|Any CPU
		{6A8434DB-DC7E-CC99-F025-2C353842534D}.Debug|Any CPU.Build.0 = Debug|Any CPU
		{6A8434DB-DC7E-CC99-F025-2C353842534D}.Release|Any CPU.ActiveCfg = Release|Any CPU
		{6A8434DB-DC7E-CC99-F025-2C353842534D}.Release|Any CPU.Build.0 = Release|Any CPU
		{671414EA-7AFC-19AD-D41D-0331573FF78C}.Debug|Any CPU.ActiveCfg = Debug|Any CPU
		{671414EA-7AFC-19AD-D41D-0331573FF78C}.Debug|Any CPU.Build.0 = Debug|Any CPU
		{671414EA-7AFC-19AD-D41D-0331573FF78C}.Release|Any CPU.ActiveCfg = Release|Any CPU
		{671414EA-7AFC-19AD-D41D-0331573FF78C}.Release|Any CPU.Build.0 = Release|Any CPU
	EndGlobalSection
	GlobalSection(SolutionProperties) = preSolution
		HideSolutionNode = FALSE
	EndGlobalSection
EndGlobal
