
Microsoft Visual Studio Solution File, Format Version 12.00
# Visual Studio 2015
Project("{FAE04EC0-301F-11D3-BF4B-00C04F79EFBC}") = "VRPROJ~2 (5).CSharp.Plugins", "VRPROJ~2 (5).CSharp.Plugins.csproj", "{D657F908-E5EA-D3D8-4553-7DE6AE9433D8}"
EndProject
Project("{FAE04EC0-301F-11D3-BF4B-00C04F79EFBC}") = "VRPROJ~2 (5).CSharp", "VRPROJ~2 (5).CSharp.csproj", "{27C719C1-AE25-A7BF-14B5-DDCDDB52A3B6}"
EndProject
Project("{FAE04EC0-301F-11D3-BF4B-00C04F79EFBC}") = "VRPROJ~2 (5).CSharp.Editor", "VRPROJ~2 (5).CSharp.Editor.csproj", "{7C09C32F-4DC5-34A2-B267-6DE8A6A3EA1E}"
EndProject
Global
	GlobalSection(SolutionConfigurationPlatforms) = preSolution
		Debug|Any CPU = Debug|Any CPU
		Release|Any CPU = Release|Any CPU
	EndGlobalSection
	GlobalSection(ProjectConfigurationPlatforms) = postSolution
		{D657F908-E5EA-D3D8-4553-7DE6AE9433D8}.Debug|Any CPU.ActiveCfg = Debug|Any CPU
		{D657F908-E5EA-D3D8-4553-7DE6AE9433D8}.Debug|Any CPU.Build.0 = Debug|Any CPU
		{D657F908-E5EA-D3D8-4553-7DE6AE9433D8}.Release|Any CPU.ActiveCfg = Release|Any CPU
		{D657F908-E5EA-D3D8-4553-7DE6AE9433D8}.Release|Any CPU.Build.0 = Release|Any CPU
		{27C719C1-AE25-A7BF-14B5-DDCDDB52A3B6}.Debug|Any CPU.ActiveCfg = Debug|Any CPU
		{27C719C1-AE25-A7BF-14B5-DDCDDB52A3B6}.Debug|Any CPU.Build.0 = Debug|Any CPU
		{27C719C1-AE25-A7BF-14B5-DDCDDB52A3B6}.Release|Any CPU.ActiveCfg = Release|Any CPU
		{27C719C1-AE25-A7BF-14B5-DDCDDB52A3B6}.Release|Any CPU.Build.0 = Release|Any CPU
		{7C09C32F-4DC5-34A2-B267-6DE8A6A3EA1E}.Debug|Any CPU.ActiveCfg = Debug|Any CPU
		{7C09C32F-4DC5-34A2-B267-6DE8A6A3EA1E}.Debug|Any CPU.Build.0 = Debug|Any CPU
		{7C09C32F-4DC5-34A2-B267-6DE8A6A3EA1E}.Release|Any CPU.ActiveCfg = Release|Any CPU
		{7C09C32F-4DC5-34A2-B267-6DE8A6A3EA1E}.Release|Any CPU.Build.0 = Release|Any CPU
	EndGlobalSection
	GlobalSection(SolutionProperties) = preSolution
		HideSolutionNode = FALSE
	EndGlobalSection
EndGlobal
